# THIS IS AN AUTOGENERATED FILE. DO NOT EDIT THIS FILE DIRECTLY.
# yarn lockfile v1


nan@^2.14.0:
  version "2.14.1"
  resolved "https://registry.yarnpkg.com/nan/-/nan-2.14.1.tgz#d7be34dfa3105b91494c3147089315eff8874b01"
  integrity sha512-isWHgVjnFjh2x2yuJ/tj3JbwoHu3UC2dX5G/88Cm24yB6YopVgxvBObDY7n5xW6ExmFhJpSEQqFPvq9zaXc8Jw==

node-pty@latest:
  version "0.9.0"
  resolved "https://registry.yarnpkg.com/node-pty/-/node-pty-0.9.0.tgz#8f9bcc0d1c5b970a3184ffd533d862c7eb6590a6"
  integrity sha512-MBnCQl83FTYOu7B4xWw10AW77AAh7ThCE1VXEv+JeWj8mSpGo+0bwgsV+b23ljBFwEM9OmsOv3kM27iUPPm84g==
  dependencies:
    nan "^2.14.0"

total.js@latest:
  version "3.4.5"
  resolved "https://registry.yarnpkg.com/total.js/-/total.js-3.4.5.tgz#8e53aa7445610b58e9402d2a27d2e3f1c3b15b11"
  integrity sha512-BBcVfH9wXYJ4Uico5IO72tprn7DLNK91gEEuBiqUoRh2fZx6Yk+3UQCuNMIDd/QQ68SZG9kBGvwWiCP/u+rPQw==
